
Microsoft Visual Studio Solution File, Format Version 12.00
# Visual Studio 15
VisualStudioVersion = 15.0.27130.2036
MinimumVisualStudioVersion = 10.0.40219.1
Project("{8BC9CEB8-8B4A-11D0-8D11-00A0C91BC942}") = "Cpp17Features", "Cpp17Features\Cpp17Features.vcxproj", "{5F764622-22BC-466D-8006-03DFF9C19BEA}"
EndProject
Project("{8BC9CEB8-8B4A-11D0-8D11-00A0C91BC942}") = "Cpp11Features", "Cpp11Features\Cpp11Features.vcxproj", "{9C30D55D-2EBA-49AD-9834-D1EA138161E8}"
EndProject
Project("{8BC9CEB8-8B4A-11D0-8D11-00A0C91BC942}") = "WindowsTips", "WindowsTips\WindowsTips.vcxproj", "{8502D6D6-3866-4010-9B2E-E056005FC7BB}"
EndProject
Project("{8BC9CEB8-8B4A-11D0-8D11-00A0C91BC942}") = "EffectiveModernCpp", "EffectiveModernCpp\EffectiveModernCpp.vcxproj", "{F6CE0194-BA48-44BA-9FD6-2DC20DB36F57}"
EndProject
Project("{8BC9CEB8-8B4A-11D0-8D11-00A0C91BC942}") = "EffectiveCpp", "EffectiveCpp\EffectiveCpp.vcxproj", "{1F73FE69-56E1-46D6-B4AA-98A7B722757D}"
EndProject
Project("{8BC9CEB8-8B4A-11D0-8D11-00A0C91BC942}") = "MoreEffectiveCpp", "MoreEffectiveCpp\MoreEffectiveCpp.vcxproj", "{73C6DE08-A8A0-4FD7-A637-AA0394988116}"
EndProject
Project("{8BC9CEB8-8B4A-11D0-8D11-00A0C91BC942}") = "EvolvingExamples", "EvolvingExamples\EvolvingExamples.vcxproj", "{5EBAF381-4371-41D9-93C5-0F0E0C11CF81}"
EndProject
Project("{8BC9CEB8-8B4A-11D0-8D11-00A0C91BC942}") = "CppPrimer", "CppPrimer\CppPrimer.vcxproj", "{75691D44-7B43-4B85-BD9E-CB5D48A678CD}"
EndProject
Global
	GlobalSection(SolutionConfigurationPlatforms) = preSolution
		Debug|x64 = Debug|x64
		Debug|x86 = Debug|x86
		Release|x64 = Release|x64
		Release|x86 = Release|x86
	EndGlobalSection
	GlobalSection(ProjectConfigurationPlatforms) = postSolution
		{5F764622-22BC-466D-8006-03DFF9C19BEA}.Debug|x64.ActiveCfg = Debug|x64
		{5F764622-22BC-466D-8006-03DFF9C19BEA}.Debug|x64.Build.0 = Debug|x64
		{5F764622-22BC-466D-8006-03DFF9C19BEA}.Debug|x86.ActiveCfg = Debug|Win32
		{5F764622-22BC-466D-8006-03DFF9C19BEA}.Debug|x86.Build.0 = Debug|Win32
		{5F764622-22BC-466D-8006-03DFF9C19BEA}.Release|x64.ActiveCfg = Release|x64
		{5F764622-22BC-466D-8006-03DFF9C19BEA}.Release|x64.Build.0 = Release|x64
		{5F764622-22BC-466D-8006-03DFF9C19BEA}.Release|x86.ActiveCfg = Release|Win32
		{5F764622-22BC-466D-8006-03DFF9C19BEA}.Release|x86.Build.0 = Release|Win32
		{9C30D55D-2EBA-49AD-9834-D1EA138161E8}.Debug|x64.ActiveCfg = Debug|x64
		{9C30D55D-2EBA-49AD-9834-D1EA138161E8}.Debug|x64.Build.0 = Debug|x64
		{9C30D55D-2EBA-49AD-9834-D1EA138161E8}.Debug|x86.ActiveCfg = Debug|Win32
		{9C30D55D-2EBA-49AD-9834-D1EA138161E8}.Debug|x86.Build.0 = Debug|Win32
		{9C30D55D-2EBA-49AD-9834-D1EA138161E8}.Release|x64.ActiveCfg = Release|x64
		{9C30D55D-2EBA-49AD-9834-D1EA138161E8}.Release|x64.Build.0 = Release|x64
		{9C30D55D-2EBA-49AD-9834-D1EA138161E8}.Release|x86.ActiveCfg = Release|Win32
		{9C30D55D-2EBA-49AD-9834-D1EA138161E8}.Release|x86.Build.0 = Release|Win32
		{8502D6D6-3866-4010-9B2E-E056005FC7BB}.Debug|x64.ActiveCfg = Debug|x64
		{8502D6D6-3866-4010-9B2E-E056005FC7BB}.Debug|x64.Build.0 = Debug|x64
		{8502D6D6-3866-4010-9B2E-E056005FC7BB}.Debug|x86.ActiveCfg = Debug|Win32
		{8502D6D6-3866-4010-9B2E-E056005FC7BB}.Debug|x86.Build.0 = Debug|Win32
		{8502D6D6-3866-4010-9B2E-E056005FC7BB}.Release|x64.ActiveCfg = Release|x64
		{8502D6D6-3866-4010-9B2E-E056005FC7BB}.Release|x64.Build.0 = Release|x64
		{8502D6D6-3866-4010-9B2E-E056005FC7BB}.Release|x86.ActiveCfg = Release|Win32
		{8502D6D6-3866-4010-9B2E-E056005FC7BB}.Release|x86.Build.0 = Release|Win32
		{F6CE0194-BA48-44BA-9FD6-2DC20DB36F57}.Debug|x64.ActiveCfg = Debug|x64
		{F6CE0194-BA48-44BA-9FD6-2DC20DB36F57}.Debug|x64.Build.0 = Debug|x64
		{F6CE0194-BA48-44BA-9FD6-2DC20DB36F57}.Debug|x86.ActiveCfg = Debug|Win32
		{F6CE0194-BA48-44BA-9FD6-2DC20DB36F57}.Debug|x86.Build.0 = Debug|Win32
		{F6CE0194-BA48-44BA-9FD6-2DC20DB36F57}.Release|x64.ActiveCfg = Release|x64
		{F6CE0194-BA48-44BA-9FD6-2DC20DB36F57}.Release|x64.Build.0 = Release|x64
		{F6CE0194-BA48-44BA-9FD6-2DC20DB36F57}.Release|x86.ActiveCfg = Release|Win32
		{F6CE0194-BA48-44BA-9FD6-2DC20DB36F57}.Release|x86.Build.0 = Release|Win32
		{1F73FE69-56E1-46D6-B4AA-98A7B722757D}.Debug|x64.ActiveCfg = Debug|x64
		{1F73FE69-56E1-46D6-B4AA-98A7B722757D}.Debug|x64.Build.0 = Debug|x64
		{1F73FE69-56E1-46D6-B4AA-98A7B722757D}.Debug|x86.ActiveCfg = Debug|Win32
		{1F73FE69-56E1-46D6-B4AA-98A7B722757D}.Debug|x86.Build.0 = Debug|Win32
		{1F73FE69-56E1-46D6-B4AA-98A7B722757D}.Release|x64.ActiveCfg = Release|x64
		{1F73FE69-56E1-46D6-B4AA-98A7B722757D}.Release|x64.Build.0 = Release|x64
		{1F73FE69-56E1-46D6-B4AA-98A7B722757D}.Release|x86.ActiveCfg = Release|Win32
		{1F73FE69-56E1-46D6-B4AA-98A7B722757D}.Release|x86.Build.0 = Release|Win32
		{73C6DE08-A8A0-4FD7-A637-AA0394988116}.Debug|x64.ActiveCfg = Debug|x64
		{73C6DE08-A8A0-4FD7-A637-AA0394988116}.Debug|x64.Build.0 = Debug|x64
		{73C6DE08-A8A0-4FD7-A637-AA0394988116}.Debug|x86.ActiveCfg = Debug|Win32
		{73C6DE08-A8A0-4FD7-A637-AA0394988116}.Debug|x86.Build.0 = Debug|Win32
		{73C6DE08-A8A0-4FD7-A637-AA0394988116}.Release|x64.ActiveCfg = Release|x64
		{73C6DE08-A8A0-4FD7-A637-AA0394988116}.Release|x64.Build.0 = Release|x64
		{73C6DE08-A8A0-4FD7-A637-AA0394988116}.Release|x86.ActiveCfg = Release|Win32
		{73C6DE08-A8A0-4FD7-A637-AA0394988116}.Release|x86.Build.0 = Release|Win32
		{5EBAF381-4371-41D9-93C5-0F0E0C11CF81}.Debug|x64.ActiveCfg = Debug|x64
		{5EBAF381-4371-41D9-93C5-0F0E0C11CF81}.Debug|x64.Build.0 = Debug|x64
		{5EBAF381-4371-41D9-93C5-0F0E0C11CF81}.Debug|x86.ActiveCfg = Debug|Win32
		{5EBAF381-4371-41D9-93C5-0F0E0C11CF81}.Debug|x86.Build.0 = Debug|Win32
		{5EBAF381-4371-41D9-93C5-0F0E0C11CF81}.Release|x64.ActiveCfg = Release|x64
		{5EBAF381-4371-41D9-93C5-0F0E0C11CF81}.Release|x64.Build.0 = Release|x64
		{5EBAF381-4371-41D9-93C5-0F0E0C11CF81}.Release|x86.ActiveCfg = Release|Win32
		{5EBAF381-4371-41D9-93C5-0F0E0C11CF81}.Release|x86.Build.0 = Release|Win32
		{75691D44-7B43-4B85-BD9E-CB5D48A678CD}.Debug|x64.ActiveCfg = Debug|x64
		{75691D44-7B43-4B85-BD9E-CB5D48A678CD}.Debug|x64.Build.0 = Debug|x64
		{75691D44-7B43-4B85-BD9E-CB5D48A678CD}.Debug|x86.ActiveCfg = Debug|Win32
		{75691D44-7B43-4B85-BD9E-CB5D48A678CD}.Debug|x86.Build.0 = Debug|Win32
		{75691D44-7B43-4B85-BD9E-CB5D48A678CD}.Release|x64.ActiveCfg = Release|x64
		{75691D44-7B43-4B85-BD9E-CB5D48A678CD}.Release|x64.Build.0 = Release|x64
		{75691D44-7B43-4B85-BD9E-CB5D48A678CD}.Release|x86.ActiveCfg = Release|Win32
		{75691D44-7B43-4B85-BD9E-CB5D48A678CD}.Release|x86.Build.0 = Release|Win32
	EndGlobalSection
	GlobalSection(SolutionProperties) = preSolution
		HideSolutionNode = FALSE
	EndGlobalSection
	GlobalSection(ExtensibilityGlobals) = postSolution
		SolutionGuid = {86461988-5D4B-4E36-B6CD-B80700CAF34B}
	EndGlobalSection
EndGlobal
