<?xml version="1.0" encoding="UTF-8" standalone="yes" ?>
<CodeBlocks_project_file>
	<FileVersion major="1" minor="6" />
	<Project>
		<Option title="talloc-test-newTalloc" />
		<Option pch_mode="2" />
		<Option compiler="gcc" />
		<Build>
			<Target title="Debug">
				<Option output="bin/DebugGcc/talloc-test-newTalloc" prefix_auto="1" extension_auto="1" />
				<Option object_output="obj/DebugGcc/" />
				<Option type="1" />
				<Option compiler="gcc" />
				<Compiler>
					<Add option="-g" />
				</Compiler>
			</Target>
			<Target title="Release">
				<Option output="bin/ReleaseGcc/talloc-test-newTalloc" prefix_auto="1" extension_auto="1" />
				<Option object_output="obj/ReleaseGcc/" />
				<Option type="1" />
				<Option compiler="gcc" />
				<Compiler>
					<Add option="-fexpensive-optimizations" />
					<Add option="-O3" />
					<Add option="-O2" />
				</Compiler>
				<Linker>
					<Add option="-s" />
				</Linker>
			</Target>
		</Build>
		<Compiler>
			<Add option="-Wall" />
		</Compiler>
		<Unit filename="talloc.c">
			<Option compilerVar="CC" />
		</Unit>
		<Unit filename="talloc.h" />
		<Unit filename="talloc_testsuite.h" />
		<Unit filename="testsuite.c">
			<Option compilerVar="CC" />
		</Unit>
		<Unit filename="testsuite_main.c">
			<Option compilerVar="CC" />
		</Unit>
		<Extensions>
			<code_completion />
			<envvars />
			<debugger />
			<lib_finder disable_auto="1" />
		</Extensions>
	</Project>
</CodeBlocks_project_file>
