<?xml version="1.0" encoding="utf-8"?>
<Project ToolsVersion="4.0" xmlns="http://schemas.microsoft.com/developer/msbuild/2003">
  <ItemGroup>
    <ClCompile Include="Common\CommonUtils.cpp">
      <Filter>Source Files</Filter>
    </ClCompile>
    <ClCompile Include="CppPrimer.cpp">
      <Filter>Source Files</Filter>
    </ClCompile>
    <ClCompile Include="PartOne\CppPrimerBasic.cpp">
      <Filter>Source Files\PartOne</Filter>
    </ClCompile>
    <ClCompile Include="PartOne\CppPrimerFriend.cpp">
      <Filter>Source Files\PartOne</Filter>
    </ClCompile>
    <ClCompile Include="PartOne\CppPrimerLiteral.cpp">
      <Filter>Source Files\PartOne</Filter>
    </ClCompile>
    <ClCompile Include="PartTwo\DynamicMem.cpp">
      <Filter>Source Files\PartTwo</Filter>
    </ClCompile>
    <ClCompile Include="PartTwo\StdLibContainer.cpp">
      <Filter>Source Files\PartTwo</Filter>
    </ClCompile>
    <ClCompile Include="PartTwo\StdLibIO.cpp">
      <Filter>Source Files\PartTwo</Filter>
    </ClCompile>
    <ClCompile Include="PartThree\ClassFeatures.cpp">
      <Filter>Source Files\PartThree</Filter>
    </ClCompile>
    <ClCompile Include="PartThree\OOP.cpp">
      <Filter>Source Files\PartThree</Filter>
    </ClCompile>
    <ClCompile Include="PartThree\OverloadCast.cpp">
      <Filter>Source Files\PartThree</Filter>
    </ClCompile>
    <ClCompile Include="PartThree\TemplateGeneric.cpp">
      <Filter>Source Files\PartThree</Filter>
    </ClCompile>
    <ClCompile Include="PartFour\ExceptionTest.cpp">
      <Filter>Source Files\PartFour</Filter>
    </ClCompile>
    <ClCompile Include="PartFour\InheritanceTest.cpp">
      <Filter>Source Files\PartFour</Filter>
    </ClCompile>
    <ClCompile Include="PartFour\NamespaceTest.cpp">
      <Filter>Source Files\PartFour</Filter>
    </ClCompile>
    <ClCompile Include="PartFour\SpecialTechTest.cpp">
      <Filter>Source Files\PartFour</Filter>
    </ClCompile>
    <ClCompile Include="stdafx.cpp">
      <Filter>Source Files</Filter>
    </ClCompile>
    <ClCompile Include="PartFour\StdLibTest.cpp">
      <Filter>Source Files\PartFour</Filter>
    </ClCompile>
  </ItemGroup>
  <ItemGroup>
    <ClInclude Include="Common\CommonUtils.h">
      <Filter>Header Files</Filter>
    </ClInclude>
    <ClInclude Include="PartOne\CppPrimerAggregate.h">
      <Filter>Header Files\PartOne</Filter>
    </ClInclude>
    <ClInclude Include="PartOne\CppPrimerBasic.h">
      <Filter>Header Files\PartOne</Filter>
    </ClInclude>
    <ClInclude Include="PartOne\CppPrimerFriend.h">
      <Filter>Header Files\PartOne</Filter>
    </ClInclude>
    <ClInclude Include="PartOne\CppPrimerLiteral.h">
      <Filter>Header Files\PartOne</Filter>
    </ClInclude>
    <ClInclude Include="PartTwo\DynamicMem.h">
      <Filter>Header Files\PartTwo</Filter>
    </ClInclude>
    <ClInclude Include="PartTwo\StdLibContainer.h">
      <Filter>Header Files\PartTwo</Filter>
    </ClInclude>
    <ClInclude Include="PartTwo\StdLibIO.h">
      <Filter>Header Files\PartTwo</Filter>
    </ClInclude>
    <ClInclude Include="PartThree\ClassFeatures.h">
      <Filter>Header Files\PartThree</Filter>
    </ClInclude>
    <ClInclude Include="PartThree\OOP.h">
      <Filter>Header Files\PartThree</Filter>
    </ClInclude>
    <ClInclude Include="PartThree\OverloadCast.h">
      <Filter>Header Files\PartThree</Filter>
    </ClInclude>
    <ClInclude Include="PartThree\TemplateGeneric.h">
      <Filter>Header Files\PartThree</Filter>
    </ClInclude>
    <ClInclude Include="PartFour\ExceptionTest.h">
      <Filter>Header Files\PartFour</Filter>
    </ClInclude>
    <ClInclude Include="PartFour\InheritanceTest.h">
      <Filter>Header Files\PartFour</Filter>
    </ClInclude>
    <ClInclude Include="PartFour\NamespaceTest.h">
      <Filter>Header Files\PartFour</Filter>
    </ClInclude>
    <ClInclude Include="PartFour\SpecialTechTest.h">
      <Filter>Header Files\PartFour</Filter>
    </ClInclude>
    <ClInclude Include="PartFour\StdLibTest.h">
      <Filter>Header Files\PartFour</Filter>
    </ClInclude>
    <ClInclude Include="stdafx.h">
      <Filter>Header Files</Filter>
    </ClInclude>
    <ClInclude Include="targetver.h">
      <Filter>Header Files</Filter>
    </ClInclude>
  </ItemGroup>
  <ItemGroup>
    <Filter Include="Header Files">
      <UniqueIdentifier>{e12a516a-b436-4f0e-ba55-4f3f9d5029bc}</UniqueIdentifier>
    </Filter>
    <Filter Include="Source Files">
      <UniqueIdentifier>{2fb4974e-55b6-4064-83fa-d398d3d32b41}</UniqueIdentifier>
    </Filter>
    <Filter Include="Header Files\PartOne">
      <UniqueIdentifier>{a4e67684-f058-49ad-8e19-3ccadea9e7aa}</UniqueIdentifier>
    </Filter>
    <Filter Include="Source Files\PartOne">
      <UniqueIdentifier>{0ad9f9da-936d-4afa-a62b-05ec032706c1}</UniqueIdentifier>
    </Filter>
    <Filter Include="Header Files\PartTwo">
      <UniqueIdentifier>{1dfc0fc8-7a88-497d-8cc1-d768ffcda554}</UniqueIdentifier>
    </Filter>
    <Filter Include="Source Files\PartTwo">
      <UniqueIdentifier>{801dbb99-e86f-4080-9895-0a0c5e9060cc}</UniqueIdentifier>
    </Filter>
    <Filter Include="Header Files\PartThree">
      <UniqueIdentifier>{4595a4af-e349-4ddd-92c0-30da176a5af0}</UniqueIdentifier>
    </Filter>
    <Filter Include="Source Files\PartThree">
      <UniqueIdentifier>{7fe2554b-d30e-4549-91e4-0270e0f71c1b}</UniqueIdentifier>
    </Filter>
    <Filter Include="Header Files\PartFour">
      <UniqueIdentifier>{9a85b5be-0efc-4fad-9b29-164dc33c717c}</UniqueIdentifier>
    </Filter>
    <Filter Include="Source Files\PartFour">
      <UniqueIdentifier>{42924ac1-e413-4c94-83e9-e394dc9d1b5c}</UniqueIdentifier>
    </Filter>
  </ItemGroup>
</Project>