<?xml version="1.0" encoding="utf-8"?>
<Project ToolsVersion="4.0" xmlns="http://schemas.microsoft.com/developer/msbuild/2003">
  <ItemGroup>
    <Filter Include="Source Files">
      <UniqueIdentifier>{4FC737F1-C7A5-4376-A066-2A32D752A2FF}</UniqueIdentifier>
      <Extensions>cpp;c;cc;cxx;def;odl;idl;hpj;bat;asm;asmx</Extensions>
    </Filter>
    <Filter Include="Header Files">
      <UniqueIdentifier>{93995380-89BD-4b04-88EB-625FBE52EBFB}</UniqueIdentifier>
      <Extensions>h;hh;hpp;hxx;hm;inl;inc;xsd</Extensions>
    </Filter>
    <Filter Include="Resource Files">
      <UniqueIdentifier>{67DA6AB6-F800-4c08-8B7A-83BB121AAD01}</UniqueIdentifier>
      <Extensions>rc;ico;cur;bmp;dlg;rc2;rct;bin;rgs;gif;jpg;jpeg;jpe;resx;tiff;tif;png;wav;mfcribbon-ms</Extensions>
    </Filter>
    <Filter Include="Header Files\Chapter01">
      <UniqueIdentifier>{30df7e0a-b6fa-44e9-9ad3-163808d6566a}</UniqueIdentifier>
    </Filter>
    <Filter Include="Header Files\Chapter02">
      <UniqueIdentifier>{c885aed0-1254-440a-945f-049d9ac37e59}</UniqueIdentifier>
    </Filter>
    <Filter Include="Header Files\Chapter03">
      <UniqueIdentifier>{25606337-f519-4c2d-ae7c-fccc00da34e8}</UniqueIdentifier>
    </Filter>
    <Filter Include="Header Files\Chapter04">
      <UniqueIdentifier>{74c938b8-5748-46a9-89b0-205ae4153782}</UniqueIdentifier>
    </Filter>
    <Filter Include="Header Files\Chapter05">
      <UniqueIdentifier>{79200d71-036b-4e5a-bdaf-365bfedc4d3d}</UniqueIdentifier>
    </Filter>
    <Filter Include="Header Files\Chapter06">
      <UniqueIdentifier>{311319c5-81f2-4790-8b3c-6b88d8343a27}</UniqueIdentifier>
    </Filter>
    <Filter Include="Header Files\Chapter07">
      <UniqueIdentifier>{73aaaaf5-aad4-44d6-878a-78923446356d}</UniqueIdentifier>
    </Filter>
    <Filter Include="Header Files\Chapter08">
      <UniqueIdentifier>{e8706212-1ec6-4f63-966e-87214a895367}</UniqueIdentifier>
    </Filter>
    <Filter Include="Header Files\Chapter09">
      <UniqueIdentifier>{e81ccc20-6a02-481b-8010-06e1d284e1bf}</UniqueIdentifier>
    </Filter>
    <Filter Include="Source Files\Chapter01">
      <UniqueIdentifier>{2a799107-2490-4f24-a38c-adcf90d78613}</UniqueIdentifier>
    </Filter>
    <Filter Include="Source Files\Chapter02">
      <UniqueIdentifier>{8fdbd980-9344-45ac-b00a-9e8fe43961cb}</UniqueIdentifier>
    </Filter>
    <Filter Include="Source Files\Chapter03">
      <UniqueIdentifier>{72536050-4af5-43cb-8eb4-182ae9e988b4}</UniqueIdentifier>
    </Filter>
    <Filter Include="Source Files\Chapter04">
      <UniqueIdentifier>{fd93b379-4764-4dcc-8a16-9ad1740551dc}</UniqueIdentifier>
    </Filter>
    <Filter Include="Source Files\Chapter05">
      <UniqueIdentifier>{2bb57147-9fe5-4b32-b6ce-b2ade9a9c9a2}</UniqueIdentifier>
    </Filter>
    <Filter Include="Source Files\Chapter06">
      <UniqueIdentifier>{ecdfbec3-0093-4d14-9118-facb635f2759}</UniqueIdentifier>
    </Filter>
    <Filter Include="Source Files\Chapter07">
      <UniqueIdentifier>{c82f2304-0f58-4f1f-a08d-19dc03824756}</UniqueIdentifier>
    </Filter>
    <Filter Include="Source Files\Chapter08">
      <UniqueIdentifier>{1bfa6b00-07fd-49e6-9f0f-c9f6a7aaefdd}</UniqueIdentifier>
    </Filter>
    <Filter Include="Source Files\Chapter09">
      <UniqueIdentifier>{19ae9cd0-786f-4d77-81d4-ea8e3ce0fb73}</UniqueIdentifier>
    </Filter>
  </ItemGroup>
  <ItemGroup>
    <ClInclude Include="stdafx.h">
      <Filter>Header Files</Filter>
    </ClInclude>
    <ClInclude Include="targetver.h">
      <Filter>Header Files</Filter>
    </ClInclude>
    <ClInclude Include="common.h">
      <Filter>Header Files</Filter>
    </ClInclude>
    <ClInclude Include="resource.h">
      <Filter>Header Files</Filter>
    </ClInclude>
    <ClInclude Include="ItemBase.h">
      <Filter>Header Files</Filter>
    </ClInclude>
    <ClInclude Include="Item01.h">
      <Filter>Header Files\Chapter01</Filter>
    </ClInclude>
    <ClInclude Include="Item04.h">
      <Filter>Header Files\Chapter01</Filter>
    </ClInclude>
    <ClInclude Include="Item03.h">
      <Filter>Header Files\Chapter01</Filter>
    </ClInclude>
    <ClInclude Include="Item02.h">
      <Filter>Header Files\Chapter01</Filter>
    </ClInclude>
    <ClInclude Include="Item05.h">
      <Filter>Header Files\Chapter02</Filter>
    </ClInclude>
    <ClInclude Include="Item06.h">
      <Filter>Header Files\Chapter02</Filter>
    </ClInclude>
    <ClInclude Include="Item07.h">
      <Filter>Header Files\Chapter02</Filter>
    </ClInclude>
    <ClInclude Include="Item08.h">
      <Filter>Header Files\Chapter02</Filter>
    </ClInclude>
    <ClInclude Include="Item09.h">
      <Filter>Header Files\Chapter02</Filter>
    </ClInclude>
    <ClInclude Include="Item10.h">
      <Filter>Header Files\Chapter02</Filter>
    </ClInclude>
    <ClInclude Include="Item11.h">
      <Filter>Header Files\Chapter02</Filter>
    </ClInclude>
    <ClInclude Include="Item12.h">
      <Filter>Header Files\Chapter02</Filter>
    </ClInclude>
    <ClInclude Include="Item13.h">
      <Filter>Header Files\Chapter03</Filter>
    </ClInclude>
    <ClInclude Include="Item14.h">
      <Filter>Header Files\Chapter03</Filter>
    </ClInclude>
    <ClInclude Include="Item15.h">
      <Filter>Header Files\Chapter03</Filter>
    </ClInclude>
    <ClInclude Include="Item16.h">
      <Filter>Header Files\Chapter03</Filter>
    </ClInclude>
    <ClInclude Include="Item17.h">
      <Filter>Header Files\Chapter03</Filter>
    </ClInclude>
    <ClInclude Include="Item18.h">
      <Filter>Header Files\Chapter04</Filter>
    </ClInclude>
    <ClInclude Include="Item19.h">
      <Filter>Header Files\Chapter04</Filter>
    </ClInclude>
    <ClInclude Include="Item20.h">
      <Filter>Header Files\Chapter04</Filter>
    </ClInclude>
    <ClInclude Include="Item21.h">
      <Filter>Header Files\Chapter04</Filter>
    </ClInclude>
    <ClInclude Include="Item22.h">
      <Filter>Header Files\Chapter04</Filter>
    </ClInclude>
    <ClInclude Include="Item23.h">
      <Filter>Header Files\Chapter04</Filter>
    </ClInclude>
    <ClInclude Include="Item24.h">
      <Filter>Header Files\Chapter04</Filter>
    </ClInclude>
    <ClInclude Include="Item25.h">
      <Filter>Header Files\Chapter04</Filter>
    </ClInclude>
    <ClInclude Include="Item26.h">
      <Filter>Header Files\Chapter05</Filter>
    </ClInclude>
    <ClInclude Include="Item27.h">
      <Filter>Header Files\Chapter05</Filter>
    </ClInclude>
    <ClInclude Include="Item28.h">
      <Filter>Header Files\Chapter05</Filter>
    </ClInclude>
    <ClInclude Include="Item29.h">
      <Filter>Header Files\Chapter05</Filter>
    </ClInclude>
    <ClInclude Include="Item30.h">
      <Filter>Header Files\Chapter05</Filter>
    </ClInclude>
    <ClInclude Include="Item31.h">
      <Filter>Header Files\Chapter05</Filter>
    </ClInclude>
    <ClInclude Include="Item32.h">
      <Filter>Header Files\Chapter06</Filter>
    </ClInclude>
    <ClInclude Include="Item33.h">
      <Filter>Header Files\Chapter06</Filter>
    </ClInclude>
    <ClInclude Include="Item34.h">
      <Filter>Header Files\Chapter06</Filter>
    </ClInclude>
    <ClInclude Include="Item35.h">
      <Filter>Header Files\Chapter06</Filter>
    </ClInclude>
    <ClInclude Include="Item36.h">
      <Filter>Header Files\Chapter06</Filter>
    </ClInclude>
    <ClInclude Include="Item38.h">
      <Filter>Header Files\Chapter06</Filter>
    </ClInclude>
    <ClInclude Include="Item37.h">
      <Filter>Header Files\Chapter06</Filter>
    </ClInclude>
    <ClInclude Include="Item39.h">
      <Filter>Header Files\Chapter06</Filter>
    </ClInclude>
    <ClInclude Include="Item40.h">
      <Filter>Header Files\Chapter06</Filter>
    </ClInclude>
    <ClInclude Include="Item41.h">
      <Filter>Header Files\Chapter07</Filter>
    </ClInclude>
    <ClInclude Include="Item42.h">
      <Filter>Header Files\Chapter07</Filter>
    </ClInclude>
    <ClInclude Include="Item43.h">
      <Filter>Header Files\Chapter07</Filter>
    </ClInclude>
    <ClInclude Include="Item44.h">
      <Filter>Header Files\Chapter07</Filter>
    </ClInclude>
    <ClInclude Include="Item45.h">
      <Filter>Header Files\Chapter07</Filter>
    </ClInclude>
    <ClInclude Include="Item46.h">
      <Filter>Header Files\Chapter07</Filter>
    </ClInclude>
    <ClInclude Include="Item47.h">
      <Filter>Header Files\Chapter07</Filter>
    </ClInclude>
    <ClInclude Include="Item48.h">
      <Filter>Header Files\Chapter07</Filter>
    </ClInclude>
    <ClInclude Include="Item49.h">
      <Filter>Header Files\Chapter08</Filter>
    </ClInclude>
    <ClInclude Include="Item50.h">
      <Filter>Header Files\Chapter08</Filter>
    </ClInclude>
    <ClInclude Include="Item51.h">
      <Filter>Header Files\Chapter08</Filter>
    </ClInclude>
    <ClInclude Include="Item52.h">
      <Filter>Header Files\Chapter08</Filter>
    </ClInclude>
    <ClInclude Include="Item53.h">
      <Filter>Header Files\Chapter09</Filter>
    </ClInclude>
    <ClInclude Include="Item54.h">
      <Filter>Header Files\Chapter09</Filter>
    </ClInclude>
    <ClInclude Include="Item55.h">
      <Filter>Header Files\Chapter09</Filter>
    </ClInclude>
    <ClInclude Include="Chapter01.h">
      <Filter>Header Files\Chapter01</Filter>
    </ClInclude>
    <ClInclude Include="Chapter02.h">
      <Filter>Header Files\Chapter02</Filter>
    </ClInclude>
    <ClInclude Include="Chapter03.h">
      <Filter>Header Files\Chapter03</Filter>
    </ClInclude>
    <ClInclude Include="Chapter04.h">
      <Filter>Header Files\Chapter04</Filter>
    </ClInclude>
    <ClInclude Include="Chapter05.h">
      <Filter>Header Files\Chapter05</Filter>
    </ClInclude>
    <ClInclude Include="Chapter06.h">
      <Filter>Header Files\Chapter06</Filter>
    </ClInclude>
    <ClInclude Include="Chapter07.h">
      <Filter>Header Files\Chapter07</Filter>
    </ClInclude>
    <ClInclude Include="Chapter08.h">
      <Filter>Header Files\Chapter08</Filter>
    </ClInclude>
    <ClInclude Include="Chapter09.h">
      <Filter>Header Files\Chapter09</Filter>
    </ClInclude>
  </ItemGroup>
  <ItemGroup>
    <ClCompile Include="stdafx.cpp">
      <Filter>Source Files</Filter>
    </ClCompile>
    <ClCompile Include="EffectiveCpp.cpp">
      <Filter>Source Files</Filter>
    </ClCompile>
    <ClCompile Include="ItemBase.cpp">
      <Filter>Source Files</Filter>
    </ClCompile>
    <ClCompile Include="Item01.cpp">
      <Filter>Source Files\Chapter01</Filter>
    </ClCompile>
    <ClCompile Include="Item02.cpp">
      <Filter>Source Files\Chapter01</Filter>
    </ClCompile>
    <ClCompile Include="Item03.cpp">
      <Filter>Source Files\Chapter01</Filter>
    </ClCompile>
    <ClCompile Include="Item04.cpp">
      <Filter>Source Files\Chapter01</Filter>
    </ClCompile>
    <ClCompile Include="Item05.cpp">
      <Filter>Source Files\Chapter02</Filter>
    </ClCompile>
    <ClCompile Include="Item06.cpp">
      <Filter>Source Files\Chapter02</Filter>
    </ClCompile>
    <ClCompile Include="Item07.cpp">
      <Filter>Source Files\Chapter02</Filter>
    </ClCompile>
    <ClCompile Include="Item08.cpp">
      <Filter>Source Files\Chapter02</Filter>
    </ClCompile>
    <ClCompile Include="Item09.cpp">
      <Filter>Source Files\Chapter02</Filter>
    </ClCompile>
    <ClCompile Include="Item10.cpp">
      <Filter>Source Files\Chapter02</Filter>
    </ClCompile>
    <ClCompile Include="Item11.cpp">
      <Filter>Source Files\Chapter02</Filter>
    </ClCompile>
    <ClCompile Include="Item12.cpp">
      <Filter>Source Files\Chapter02</Filter>
    </ClCompile>
    <ClCompile Include="Item13.cpp">
      <Filter>Source Files\Chapter03</Filter>
    </ClCompile>
    <ClCompile Include="Item14.cpp">
      <Filter>Source Files\Chapter03</Filter>
    </ClCompile>
    <ClCompile Include="Item15.cpp">
      <Filter>Source Files\Chapter03</Filter>
    </ClCompile>
    <ClCompile Include="Item16.cpp">
      <Filter>Source Files\Chapter03</Filter>
    </ClCompile>
    <ClCompile Include="Item17.cpp">
      <Filter>Source Files\Chapter03</Filter>
    </ClCompile>
    <ClCompile Include="Item18.cpp">
      <Filter>Source Files\Chapter04</Filter>
    </ClCompile>
    <ClCompile Include="Item19.cpp">
      <Filter>Source Files\Chapter04</Filter>
    </ClCompile>
    <ClCompile Include="Item20.cpp">
      <Filter>Source Files\Chapter04</Filter>
    </ClCompile>
    <ClCompile Include="Item21.cpp">
      <Filter>Source Files\Chapter04</Filter>
    </ClCompile>
    <ClCompile Include="Item22.cpp">
      <Filter>Source Files\Chapter04</Filter>
    </ClCompile>
    <ClCompile Include="Item23.cpp">
      <Filter>Source Files\Chapter04</Filter>
    </ClCompile>
    <ClCompile Include="Item24.cpp">
      <Filter>Source Files\Chapter04</Filter>
    </ClCompile>
    <ClCompile Include="Item25.cpp">
      <Filter>Source Files\Chapter04</Filter>
    </ClCompile>
    <ClCompile Include="Item26.cpp">
      <Filter>Source Files\Chapter05</Filter>
    </ClCompile>
    <ClCompile Include="Item27.cpp">
      <Filter>Source Files\Chapter05</Filter>
    </ClCompile>
    <ClCompile Include="Item28.cpp">
      <Filter>Source Files\Chapter05</Filter>
    </ClCompile>
    <ClCompile Include="Item29.cpp">
      <Filter>Source Files\Chapter05</Filter>
    </ClCompile>
    <ClCompile Include="Item30.cpp">
      <Filter>Source Files\Chapter05</Filter>
    </ClCompile>
    <ClCompile Include="Item31.cpp">
      <Filter>Source Files\Chapter05</Filter>
    </ClCompile>
    <ClCompile Include="Item32.cpp">
      <Filter>Source Files\Chapter06</Filter>
    </ClCompile>
    <ClCompile Include="Item33.cpp">
      <Filter>Source Files\Chapter06</Filter>
    </ClCompile>
    <ClCompile Include="Item34.cpp">
      <Filter>Source Files\Chapter06</Filter>
    </ClCompile>
    <ClCompile Include="Item35.cpp">
      <Filter>Source Files\Chapter06</Filter>
    </ClCompile>
    <ClCompile Include="Item36.cpp">
      <Filter>Source Files\Chapter06</Filter>
    </ClCompile>
    <ClCompile Include="Item38.cpp">
      <Filter>Source Files\Chapter06</Filter>
    </ClCompile>
    <ClCompile Include="Item37.cpp">
      <Filter>Source Files\Chapter06</Filter>
    </ClCompile>
    <ClCompile Include="Item39.cpp">
      <Filter>Source Files\Chapter06</Filter>
    </ClCompile>
    <ClCompile Include="Item40.cpp">
      <Filter>Source Files\Chapter06</Filter>
    </ClCompile>
    <ClCompile Include="Item41.cpp">
      <Filter>Source Files\Chapter07</Filter>
    </ClCompile>
    <ClCompile Include="Item42.cpp">
      <Filter>Source Files\Chapter07</Filter>
    </ClCompile>
    <ClCompile Include="Item43.cpp">
      <Filter>Source Files\Chapter07</Filter>
    </ClCompile>
    <ClCompile Include="Item44.cpp">
      <Filter>Source Files\Chapter07</Filter>
    </ClCompile>
    <ClCompile Include="Item45.cpp">
      <Filter>Source Files\Chapter07</Filter>
    </ClCompile>
    <ClCompile Include="Item46.cpp">
      <Filter>Source Files\Chapter07</Filter>
    </ClCompile>
    <ClCompile Include="Item47.cpp">
      <Filter>Source Files\Chapter07</Filter>
    </ClCompile>
    <ClCompile Include="Item48.cpp">
      <Filter>Source Files\Chapter07</Filter>
    </ClCompile>
    <ClCompile Include="Item49.cpp">
      <Filter>Source Files\Chapter08</Filter>
    </ClCompile>
    <ClCompile Include="Item50.cpp">
      <Filter>Source Files\Chapter08</Filter>
    </ClCompile>
    <ClCompile Include="Item51.cpp">
      <Filter>Source Files\Chapter08</Filter>
    </ClCompile>
    <ClCompile Include="Item52.cpp">
      <Filter>Source Files\Chapter08</Filter>
    </ClCompile>
    <ClCompile Include="Item53.cpp">
      <Filter>Source Files\Chapter09</Filter>
    </ClCompile>
    <ClCompile Include="Item54.cpp">
      <Filter>Source Files\Chapter09</Filter>
    </ClCompile>
    <ClCompile Include="Item55.cpp">
      <Filter>Source Files\Chapter09</Filter>
    </ClCompile>
  </ItemGroup>
  <ItemGroup>
    <ResourceCompile Include="EffectiveCpp.rc">
      <Filter>Resource Files</Filter>
    </ResourceCompile>
  </ItemGroup>
</Project>