<?xml version="1.0" encoding="utf-8"?>
<Project ToolsVersion="4.0" xmlns="http://schemas.microsoft.com/developer/msbuild/2003">
  <ItemGroup>
    <Filter Include="Source Files">
      <UniqueIdentifier>{4FC737F1-C7A5-4376-A066-2A32D752A2FF}</UniqueIdentifier>
      <Extensions>cpp;c;cc;cxx;def;odl;idl;hpj;bat;asm;asmx</Extensions>
    </Filter>
    <Filter Include="Header Files">
      <UniqueIdentifier>{93995380-89BD-4b04-88EB-625FBE52EBFB}</UniqueIdentifier>
      <Extensions>h;hh;hpp;hxx;hm;inl;inc;xsd</Extensions>
    </Filter>
    <Filter Include="Header Files\Chapter01">
      <UniqueIdentifier>{be1028b1-88a5-4bb3-8dfe-159af52663a7}</UniqueIdentifier>
    </Filter>
    <Filter Include="Source Files\Chapter01">
      <UniqueIdentifier>{dbdae349-6c26-4097-b3c9-1a4e8ebc468b}</UniqueIdentifier>
    </Filter>
    <Filter Include="Header Files\Chapter02">
      <UniqueIdentifier>{ba7a8704-e618-48de-8112-ab3999e18585}</UniqueIdentifier>
    </Filter>
    <Filter Include="Header Files\Chapter03">
      <UniqueIdentifier>{383a9ce6-2dea-47a5-a283-5543f38378cd}</UniqueIdentifier>
    </Filter>
    <Filter Include="Source Files\Chapter02">
      <UniqueIdentifier>{67d392a1-5852-4591-ad84-6246b19725df}</UniqueIdentifier>
    </Filter>
    <Filter Include="Source Files\Chapter03">
      <UniqueIdentifier>{9c47cca3-212b-4c86-b894-3edb4461e099}</UniqueIdentifier>
    </Filter>
    <Filter Include="Header Files\Chapter04">
      <UniqueIdentifier>{27715385-da19-4fca-9c5d-a60b925025fc}</UniqueIdentifier>
    </Filter>
    <Filter Include="Source Files\Chapter04">
      <UniqueIdentifier>{2b97f7e0-e17a-4670-a4ab-00515277b1ae}</UniqueIdentifier>
    </Filter>
    <Filter Include="Header Files\Chapter05">
      <UniqueIdentifier>{a02b9ee9-a86d-4ecd-98be-b2d490843f63}</UniqueIdentifier>
    </Filter>
    <Filter Include="Source Files\Chapter05">
      <UniqueIdentifier>{49d6c8d0-90d7-4e89-a5bd-d66423a4695d}</UniqueIdentifier>
    </Filter>
    <Filter Include="Header Files\Chapter06">
      <UniqueIdentifier>{8a6c91e7-0ad8-4e9d-a371-cb3f7d761f3f}</UniqueIdentifier>
    </Filter>
    <Filter Include="Source Files\Chapter06">
      <UniqueIdentifier>{382066a5-4b86-4131-98e3-38eb1fa13e7d}</UniqueIdentifier>
    </Filter>
  </ItemGroup>
  <ItemGroup>
    <ClInclude Include="stdafx.h">
      <Filter>Header Files</Filter>
    </ClInclude>
    <ClInclude Include="targetver.h">
      <Filter>Header Files</Filter>
    </ClInclude>
    <ClInclude Include="Common.h">
      <Filter>Header Files</Filter>
    </ClInclude>
    <ClInclude Include="ItemBase.h">
      <Filter>Header Files</Filter>
    </ClInclude>
    <ClInclude Include="Chapter01.h">
      <Filter>Header Files\Chapter01</Filter>
    </ClInclude>
    <ClInclude Include="Item01.h">
      <Filter>Header Files\Chapter01</Filter>
    </ClInclude>
    <ClInclude Include="Item02.h">
      <Filter>Header Files\Chapter01</Filter>
    </ClInclude>
    <ClInclude Include="Item03.h">
      <Filter>Header Files\Chapter01</Filter>
    </ClInclude>
    <ClInclude Include="Chapter03.h">
      <Filter>Header Files\Chapter03</Filter>
    </ClInclude>
    <ClInclude Include="Item09.h">
      <Filter>Header Files\Chapter03</Filter>
    </ClInclude>
    <ClInclude Include="Item18.h">
      <Filter>Header Files\Chapter04</Filter>
    </ClInclude>
    <ClInclude Include="Item19.h">
      <Filter>Header Files\Chapter04</Filter>
    </ClInclude>
    <ClInclude Include="Item20.h">
      <Filter>Header Files\Chapter04</Filter>
    </ClInclude>
    <ClInclude Include="Item21.h">
      <Filter>Header Files\Chapter04</Filter>
    </ClInclude>
    <ClInclude Include="Item22.h">
      <Filter>Header Files\Chapter04</Filter>
    </ClInclude>
    <ClInclude Include="Chapter04.h">
      <Filter>Header Files\Chapter04</Filter>
    </ClInclude>
    <ClInclude Include="Chapter05.h">
      <Filter>Header Files\Chapter05</Filter>
    </ClInclude>
    <ClInclude Include="ClassHierarchy.h">
      <Filter>Header Files\Chapter04</Filter>
    </ClInclude>
    <ClInclude Include="Item23.h">
      <Filter>Header Files\Chapter05</Filter>
    </ClInclude>
    <ClInclude Include="Item24.h">
      <Filter>Header Files\Chapter05</Filter>
    </ClInclude>
    <ClInclude Include="Item25.h">
      <Filter>Header Files\Chapter05</Filter>
    </ClInclude>
    <ClInclude Include="Chapter06.h">
      <Filter>Header Files\Chapter06</Filter>
    </ClInclude>
    <ClInclude Include="Item31.h">
      <Filter>Header Files\Chapter06</Filter>
    </ClInclude>
    <ClInclude Include="Item32.h">
      <Filter>Header Files\Chapter06</Filter>
    </ClInclude>
    <ClInclude Include="Item33.h">
      <Filter>Header Files\Chapter06</Filter>
    </ClInclude>
  </ItemGroup>
  <ItemGroup>
    <ClCompile Include="stdafx.cpp">
      <Filter>Source Files</Filter>
    </ClCompile>
    <ClCompile Include="EffectiveModernCpp.cpp" />
    <ClCompile Include="ItemBase.cpp">
      <Filter>Source Files</Filter>
    </ClCompile>
    <ClCompile Include="Item1.cpp">
      <Filter>Source Files\Chapter01</Filter>
    </ClCompile>
    <ClCompile Include="Item2.cpp">
      <Filter>Source Files\Chapter01</Filter>
    </ClCompile>
    <ClCompile Include="Item3.cpp">
      <Filter>Source Files\Chapter01</Filter>
    </ClCompile>
    <ClCompile Include="Item09.cpp">
      <Filter>Source Files\Chapter03</Filter>
    </ClCompile>
    <ClCompile Include="Item18.cpp">
      <Filter>Source Files\Chapter04</Filter>
    </ClCompile>
    <ClCompile Include="Item19.cpp">
      <Filter>Source Files\Chapter04</Filter>
    </ClCompile>
    <ClCompile Include="Item20.cpp">
      <Filter>Source Files\Chapter04</Filter>
    </ClCompile>
    <ClCompile Include="Item21.cpp">
      <Filter>Source Files\Chapter04</Filter>
    </ClCompile>
    <ClCompile Include="Item22.cpp">
      <Filter>Source Files\Chapter04</Filter>
    </ClCompile>
    <ClCompile Include="Item23.cpp">
      <Filter>Source Files\Chapter05</Filter>
    </ClCompile>
    <ClCompile Include="Item24.cpp">
      <Filter>Source Files\Chapter05</Filter>
    </ClCompile>
    <ClCompile Include="Item25.cpp">
      <Filter>Source Files\Chapter05</Filter>
    </ClCompile>
    <ClCompile Include="Item31.cpp">
      <Filter>Source Files\Chapter06</Filter>
    </ClCompile>
    <ClCompile Include="Item33.cpp">
      <Filter>Source Files\Chapter06</Filter>
    </ClCompile>
    <ClCompile Include="Item32.cpp">
      <Filter>Source Files\Chapter06</Filter>
    </ClCompile>
  </ItemGroup>
</Project>