<?xml version="1.0" encoding="utf-8"?>
<Project ToolsVersion="4.0" xmlns="http://schemas.microsoft.com/developer/msbuild/2003">
  <ItemGroup>
    <Filter Include="Source Files">
      <UniqueIdentifier>{4FC737F1-C7A5-4376-A066-2A32D752A2FF}</UniqueIdentifier>
      <Extensions>cpp;c;cc;cxx;def;odl;idl;hpj;bat;asm;asmx</Extensions>
    </Filter>
    <Filter Include="Header Files">
      <UniqueIdentifier>{93995380-89BD-4b04-88EB-625FBE52EBFB}</UniqueIdentifier>
      <Extensions>h;hh;hpp;hxx;hm;inl;inc;xsd</Extensions>
    </Filter>
    <Filter Include="Resource Files">
      <UniqueIdentifier>{67DA6AB6-F800-4c08-8B7A-83BB121AAD01}</UniqueIdentifier>
      <Extensions>rc;ico;cur;bmp;dlg;rc2;rct;bin;rgs;gif;jpg;jpeg;jpe;resx;tiff;tif;png;wav;mfcribbon-ms</Extensions>
    </Filter>
    <Filter Include="Header Files\Chapter01">
      <UniqueIdentifier>{273216db-3da0-4aed-ba04-5430d5f32500}</UniqueIdentifier>
    </Filter>
    <Filter Include="Source Files\Chapter01">
      <UniqueIdentifier>{7fd8530f-38ed-4eed-b71f-9143579df461}</UniqueIdentifier>
    </Filter>
    <Filter Include="Header Files\Chapter02">
      <UniqueIdentifier>{5793fe66-7fb9-4b7e-a52a-dd3bee35ff9c}</UniqueIdentifier>
    </Filter>
    <Filter Include="Source Files\Chapter02">
      <UniqueIdentifier>{676c098a-55da-4456-9f41-47713638fdb6}</UniqueIdentifier>
    </Filter>
    <Filter Include="Header Files\Chapter03">
      <UniqueIdentifier>{4808409d-bd5c-4992-b8a3-0fce7428e53f}</UniqueIdentifier>
    </Filter>
    <Filter Include="Source Files\Chapter03">
      <UniqueIdentifier>{0dab78c3-7b00-4d09-8285-12a8c1195719}</UniqueIdentifier>
    </Filter>
    <Filter Include="Header Files\Chapter04">
      <UniqueIdentifier>{11521297-f4f3-4912-a1a7-6a18ffa27f27}</UniqueIdentifier>
    </Filter>
    <Filter Include="Source Files\Chapter04">
      <UniqueIdentifier>{f18f3096-4b54-40cc-898a-7ecb204daec8}</UniqueIdentifier>
    </Filter>
  </ItemGroup>
  <ItemGroup>
    <ClInclude Include="stdafx.h">
      <Filter>Header Files</Filter>
    </ClInclude>
    <ClInclude Include="targetver.h">
      <Filter>Header Files</Filter>
    </ClInclude>
    <ClInclude Include="Common.h">
      <Filter>Header Files</Filter>
    </ClInclude>
    <ClInclude Include="Chapter01.h">
      <Filter>Header Files\Chapter01</Filter>
    </ClInclude>
    <ClInclude Include="ItemBase.h">
      <Filter>Header Files</Filter>
    </ClInclude>
    <ClInclude Include="Item01.h">
      <Filter>Header Files\Chapter01</Filter>
    </ClInclude>
    <ClInclude Include="Item02.h">
      <Filter>Header Files\Chapter01</Filter>
    </ClInclude>
    <ClInclude Include="Item03.h">
      <Filter>Header Files\Chapter01</Filter>
    </ClInclude>
    <ClInclude Include="Item04.h">
      <Filter>Header Files\Chapter01</Filter>
    </ClInclude>
    <ClInclude Include="Chapter02.h">
      <Filter>Header Files\Chapter02</Filter>
    </ClInclude>
    <ClInclude Include="Item05.h">
      <Filter>Header Files\Chapter02</Filter>
    </ClInclude>
    <ClInclude Include="Item06.h">
      <Filter>Header Files\Chapter02</Filter>
    </ClInclude>
    <ClInclude Include="Item07.h">
      <Filter>Header Files\Chapter02</Filter>
    </ClInclude>
    <ClInclude Include="Item08.h">
      <Filter>Header Files\Chapter02</Filter>
    </ClInclude>
    <ClInclude Include="Chapter03.h">
      <Filter>Header Files\Chapter03</Filter>
    </ClInclude>
    <ClInclude Include="Item09.h">
      <Filter>Header Files\Chapter03</Filter>
    </ClInclude>
    <ClInclude Include="Item10.h">
      <Filter>Header Files\Chapter03</Filter>
    </ClInclude>
    <ClInclude Include="Item11.h">
      <Filter>Header Files\Chapter03</Filter>
    </ClInclude>
    <ClInclude Include="Item12.h">
      <Filter>Header Files\Chapter03</Filter>
    </ClInclude>
    <ClInclude Include="Item13.h">
      <Filter>Header Files\Chapter03</Filter>
    </ClInclude>
    <ClInclude Include="Item14.h">
      <Filter>Header Files\Chapter03</Filter>
    </ClInclude>
    <ClInclude Include="Item15.h">
      <Filter>Header Files\Chapter03</Filter>
    </ClInclude>
    <ClInclude Include="Chapter04.h">
      <Filter>Header Files\Chapter04</Filter>
    </ClInclude>
    <ClInclude Include="Item16.h">
      <Filter>Header Files\Chapter04</Filter>
    </ClInclude>
    <ClInclude Include="Item17.h">
      <Filter>Header Files\Chapter04</Filter>
    </ClInclude>
  </ItemGroup>
  <ItemGroup>
    <ClCompile Include="stdafx.cpp">
      <Filter>Source Files</Filter>
    </ClCompile>
    <ClCompile Include="MoreEffectiveCpp.cpp">
      <Filter>Source Files</Filter>
    </ClCompile>
    <ClCompile Include="ItemBase.cpp">
      <Filter>Source Files</Filter>
    </ClCompile>
    <ClCompile Include="Item01.cpp">
      <Filter>Source Files\Chapter01</Filter>
    </ClCompile>
    <ClCompile Include="Item02.cpp">
      <Filter>Source Files\Chapter01</Filter>
    </ClCompile>
    <ClCompile Include="Item03.cpp">
      <Filter>Source Files\Chapter01</Filter>
    </ClCompile>
    <ClCompile Include="Item04.cpp">
      <Filter>Source Files\Chapter01</Filter>
    </ClCompile>
    <ClCompile Include="Item05.cpp">
      <Filter>Source Files\Chapter02</Filter>
    </ClCompile>
    <ClCompile Include="Item06.cpp">
      <Filter>Source Files\Chapter02</Filter>
    </ClCompile>
    <ClCompile Include="Item07.cpp">
      <Filter>Source Files\Chapter02</Filter>
    </ClCompile>
    <ClCompile Include="Item08.cpp">
      <Filter>Source Files\Chapter02</Filter>
    </ClCompile>
    <ClCompile Include="Item09.cpp">
      <Filter>Source Files\Chapter03</Filter>
    </ClCompile>
    <ClCompile Include="Item10.cpp">
      <Filter>Source Files\Chapter03</Filter>
    </ClCompile>
    <ClCompile Include="Item11.cpp">
      <Filter>Source Files\Chapter03</Filter>
    </ClCompile>
    <ClCompile Include="Item12.cpp">
      <Filter>Source Files\Chapter03</Filter>
    </ClCompile>
    <ClCompile Include="Item13.cpp">
      <Filter>Source Files\Chapter03</Filter>
    </ClCompile>
    <ClCompile Include="Item14.cpp">
      <Filter>Source Files\Chapter03</Filter>
    </ClCompile>
    <ClCompile Include="Item15.cpp">
      <Filter>Source Files\Chapter03</Filter>
    </ClCompile>
    <ClCompile Include="Item16.cpp">
      <Filter>Source Files\Chapter04</Filter>
    </ClCompile>
    <ClCompile Include="Item17.cpp">
      <Filter>Source Files\Chapter04</Filter>
    </ClCompile>
  </ItemGroup>
</Project>