<?xml version="1.0" encoding="UTF-8" standalone="yes" ?>
<CodeBlocks_project_file>
	<FileVersion major="1" minor="6" />
	<Project>
		<Option title="tests" />
		<Option pch_mode="2" />
		<Option compiler="gcc" />
		<Build>
			<Target title="Debug">
				<Option output="..\bin\DebugGcc\tests" prefix_auto="1" extension_auto="1" />
				<Option object_output="..\obj\DebugGcc\" />
				<Option type="1" />
				<Option compiler="gcc" />
				<Compiler>
					<Add option="-g" />
				</Compiler>
				<Linker>
					<Add library="llibd" />
					<Add library="psapi" />
					<Add directory="..\lib\" />
				</Linker>
			</Target>
			<Target title="Release">
				<Option output="..\bin\ReleaseGcc\tests" prefix_auto="1" extension_auto="1" />
				<Option object_output="..\obj\ReleaseGcc\" />
				<Option type="1" />
				<Option compiler="gcc" />
				<Compiler>
					<Add option="-O2" />
					<Add option="-DNDEBUG" />
				</Compiler>
				<Linker>
					<Add option="-s" />
					<Add library="llibr" />
					<Add library="psapi" />
					<Add directory="..\lib\" />
				</Linker>
			</Target>
		</Build>
		<Compiler>
			<Add option="-Wfatal-errors" />
			<Add option="-Wextra" />
			<Add option="-Wall" />
			<Add option="-Wno-unknown-pragmas -Werror" />
			<Add directory="..\include" />
		</Compiler>
		<Unit filename="arena.c">
			<Option compilerVar="CC" />
		</Unit>
		<Unit filename="atom.c">
			<Option compilerVar="CC" />
		</Unit>
		<Unit filename="carray.c">
			<Option compilerVar="CC" />
		</Unit>
		<Unit filename="except.c">
			<Option compilerVar="CC" />
		</Unit>
		<Unit filename="filetest.c">
			<Option compilerVar="CC" />
		</Unit>
		<Unit filename="getopttest.c">
			<Option compilerVar="CC" />
		</Unit>
		<Unit filename="int_signed_unsigned.c">
			<Option compilerVar="CC" />
		</Unit>
		<Unit filename="log.c">
			<Option compilerVar="CC" />
		</Unit>
		<Unit filename="main.c">
			<Option compilerVar="CC" />
		</Unit>
		<Unit filename="mem.c">
			<Option compilerVar="CC" />
		</Unit>
		<Unit filename="perf.c">
			<Option compilerVar="CC" />
		</Unit>
		<Unit filename="rand.c">
			<Option compilerVar="CC" />
		</Unit>
		<Unit filename="randstream.c">
			<Option compilerVar="CC" />
		</Unit>
		<Unit filename="ring.c">
			<Option compilerVar="CC" />
		</Unit>
		<Unit filename="safe_int.c">
			<Option compilerVar="CC" />
		</Unit>
		<Unit filename="slist.c">
			<Option compilerVar="CC" />
		</Unit>
		<Unit filename="strtest.c">
			<Option compilerVar="CC" />
		</Unit>
		<Unit filename="table.c">
			<Option compilerVar="CC" />
		</Unit>
		<Unit filename="tokentest.c">
			<Option compilerVar="CC" />
		</Unit>
		<Unit filename="utf8test.c">
			<Option compilerVar="CC" />
		</Unit>
		<Extensions>
			<code_completion />
			<envvars />
			<debugger />
			<lib_finder disable_auto="1" />
		</Extensions>
	</Project>
</CodeBlocks_project_file>
